
Microsoft Visual Studio Solution File, Format Version 12.00
# Visual Studio Version 16
VisualStudioVersion = 25.0.1706.0
MinimumVisualStudioVersion = 10.0.40219.1
Project("{FAE04EC0-301F-11D3-BF4B-00C04F79EFBC}") = "kh", "kh\kh.csproj", "{2E52BF47-A38B-4079-AC98-1AFD4230F1DE}"
EndProject
Project("{FAE04EC0-301F-11D3-BF4B-00C04F79EFBC}") = "kh1", "..\kh1\kh1.csproj", "{252EF6E3-6A7F-45D6-823A-618395C4452D}"
EndProject
Project("{FAE04EC0-301F-11D3-BF4B-00C04F79EFBC}") = "kh2", "..\kh2\kh2.csproj", "{1739F31A-ED39-4A80-B126-34682C0997B6}"
EndProject
Project("{FAE04EC0-301F-11D3-BF4B-00C04F79EFBC}") = "kh3", "..\kh3\kh3.csproj", "{EBA014B0-C7BC-45CA-9278-399264D00F27}"
EndProject
Project("{FAE04EC0-301F-11D3-BF4B-00C04F79EFBC}") = "kh4", "..\kh4\kh4.csproj", "{9433B8DE-3965-433C-B33D-0929B43C2ADA}"
EndProject
Global
	GlobalSection(SolutionConfigurationPlatforms) = preSolution
		Debug|Any CPU = Debug|Any CPU
		Release|Any CPU = Release|Any CPU
	EndGlobalSection
	GlobalSection(ProjectConfigurationPlatforms) = postSolution
		{2E52BF47-A38B-4079-AC98-1AFD4230F1DE}.Debug|Any CPU.ActiveCfg = Debug|Any CPU
		{2E52BF47-A38B-4079-AC98-1AFD4230F1DE}.Debug|Any CPU.Build.0 = Debug|Any CPU
		{2E52BF47-A38B-4079-AC98-1AFD4230F1DE}.Release|Any CPU.ActiveCfg = Release|Any CPU
		{2E52BF47-A38B-4079-AC98-1AFD4230F1DE}.Release|Any CPU.Build.0 = Release|Any CPU
		{252EF6E3-6A7F-45D6-823A-618395C4452D}.Debug|Any CPU.ActiveCfg = Debug|Any CPU
		{252EF6E3-6A7F-45D6-823A-618395C4452D}.Debug|Any CPU.Build.0 = Debug|Any CPU
		{252EF6E3-6A7F-45D6-823A-618395C4452D}.Release|Any CPU.ActiveCfg = Release|Any CPU
		{252EF6E3-6A7F-45D6-823A-618395C4452D}.Release|Any CPU.Build.0 = Release|Any CPU
		{1739F31A-ED39-4A80-B126-34682C0997B6}.Debug|Any CPU.ActiveCfg = Debug|Any CPU
		{1739F31A-ED39-4A80-B126-34682C0997B6}.Debug|Any CPU.Build.0 = Debug|Any CPU
		{1739F31A-ED39-4A80-B126-34682C0997B6}.Release|Any CPU.ActiveCfg = Release|Any CPU
		{1739F31A-ED39-4A80-B126-34682C0997B6}.Release|Any CPU.Build.0 = Release|Any CPU
		{EBA014B0-C7BC-45CA-9278-399264D00F27}.Debug|Any CPU.ActiveCfg = Debug|Any CPU
		{EBA014B0-C7BC-45CA-9278-399264D00F27}.Debug|Any CPU.Build.0 = Debug|Any CPU
		{EBA014B0-C7BC-45CA-9278-399264D00F27}.Release|Any CPU.ActiveCfg = Release|Any CPU
		{EBA014B0-C7BC-45CA-9278-399264D00F27}.Release|Any CPU.Build.0 = Release|Any CPU
		{9433B8DE-3965-433C-B33D-0929B43C2ADA}.Debug|Any CPU.ActiveCfg = Debug|Any CPU
		{9433B8DE-3965-433C-B33D-0929B43C2ADA}.Debug|Any CPU.Build.0 = Debug|Any CPU
		{9433B8DE-3965-433C-B33D-0929B43C2ADA}.Release|Any CPU.ActiveCfg = Release|Any CPU
		{9433B8DE-3965-433C-B33D-0929B43C2ADA}.Release|Any CPU.Build.0 = Release|Any CPU
	EndGlobalSection
	GlobalSection(SolutionProperties) = preSolution
		HideSolutionNode = FALSE
	EndGlobalSection
	GlobalSection(ExtensibilityGlobals) = postSolution
		SolutionGuid = {BE3678D4-2170-46C7-90A4-DAA2175CF5EE}
	EndGlobalSection
EndGlobal
